
Microsoft Visual Studio Solution File, Format Version 12.00
# Visual Studio Version 16
VisualStudioVersion = 16.0.30204.135
MinimumVisualStudioVersion = 10.0.40219.1
Project("{FAE04EC0-301F-11D3-BF4B-00C04F79EFBC}") = "PL.Web", "PL.Web\PL.Web.csproj", "{C99025A8-EA94-47DE-92D6-365CE026421C}"
EndProject
Project("{FAE04EC0-301F-11D3-BF4B-00C04F79EFBC}") = "Common.Entities", "Common.Entities\Common.Entities.csproj", "{50F3FC84-4018-48DC-AB09-4B70AAC2E72C}"
EndProject
Project("{FAE04EC0-301F-11D3-BF4B-00C04F79EFBC}") = "DAL.Contracts", "DAL.Contracts\DAL.Contracts.csproj", "{9EFA8DCD-842A-461E-B8AC-B03B2FABFFA2}"
EndProject
Project("{FAE04EC0-301F-11D3-BF4B-00C04F79EFBC}") = "DAL.Memory", "DAL.Memory\DAL.Memory.csproj", "{EAA5C928-4E10-4045-8093-0A29C3FB601C}"
EndProject
Project("{2150E333-8FDC-42A3-9474-1A3956D46DE8}") = "DAL", "DAL", "{F54E7163-FD52-48A6-AE92-341394C408AF}"
EndProject
Project("{2150E333-8FDC-42A3-9474-1A3956D46DE8}") = "BLL", "BLL", "{AA105175-F9B6-40BA-8B99-376E8F2976F7}"
EndProject
Project("{2150E333-8FDC-42A3-9474-1A3956D46DE8}") = "PL", "PL", "{21981EA7-3832-4ED3-905D-3A6F07BEFF59}"
EndProject
Project("{2150E333-8FDC-42A3-9474-1A3956D46DE8}") = "Common", "Common", "{5E580E49-2B7C-4D9B-9A26-A97BACE28DD5}"
EndProject
Project("{FAE04EC0-301F-11D3-BF4B-00C04F79EFBC}") = "BLL.Contracts", "BLL.Contracts\BLL.Contracts.csproj", "{C99626F0-2B46-463E-9E60-D3C8E041D3E2}"
EndProject
Project("{FAE04EC0-301F-11D3-BF4B-00C04F79EFBC}") = "BLL.Logic", "BLL.Logic\BLL.Logic.csproj", "{A8695A80-BF0F-4E1E-B133-FFE3232706D3}"
EndProject
Project("{FAE04EC0-301F-11D3-BF4B-00C04F79EFBC}") = "Common.DAL.DR", "Common.DAL.DR\Common.DAL.DR.csproj", "{54C75EA5-680D-4616-AAF5-FC356B3626D7}"
EndProject
Project("{FAE04EC0-301F-11D3-BF4B-00C04F79EFBC}") = "Common.BLL.DR", "Common.BLL.DR\Common.BLL.DR.csproj", "{2D98ACDB-913E-4595-9B06-B6061C332C2A}"
EndProject
Project("{FAE04EC0-301F-11D3-BF4B-00C04F79EFBC}") = "PL.Contracts", "PL.Contracts\PL.Contracts.csproj", "{D7DEE4A8-E8E4-4B78-9E93-9C7178C90619}"
EndProject
Global
	GlobalSection(SolutionConfigurationPlatforms) = preSolution
		Debug|Any CPU = Debug|Any CPU
		Release|Any CPU = Release|Any CPU
	EndGlobalSection
	GlobalSection(ProjectConfigurationPlatforms) = postSolution
		{C99025A8-EA94-47DE-92D6-365CE026421C}.Debug|Any CPU.ActiveCfg = Debug|Any CPU
		{C99025A8-EA94-47DE-92D6-365CE026421C}.Debug|Any CPU.Build.0 = Debug|Any CPU
		{C99025A8-EA94-47DE-92D6-365CE026421C}.Release|Any CPU.ActiveCfg = Release|Any CPU
		{C99025A8-EA94-47DE-92D6-365CE026421C}.Release|Any CPU.Build.0 = Release|Any CPU
		{50F3FC84-4018-48DC-AB09-4B70AAC2E72C}.Debug|Any CPU.ActiveCfg = Debug|Any CPU
		{50F3FC84-4018-48DC-AB09-4B70AAC2E72C}.Debug|Any CPU.Build.0 = Debug|Any CPU
		{50F3FC84-4018-48DC-AB09-4B70AAC2E72C}.Release|Any CPU.ActiveCfg = Release|Any CPU
		{50F3FC84-4018-48DC-AB09-4B70AAC2E72C}.Release|Any CPU.Build.0 = Release|Any CPU
		{9EFA8DCD-842A-461E-B8AC-B03B2FABFFA2}.Debug|Any CPU.ActiveCfg = Debug|Any CPU
		{9EFA8DCD-842A-461E-B8AC-B03B2FABFFA2}.Debug|Any CPU.Build.0 = Debug|Any CPU
		{9EFA8DCD-842A-461E-B8AC-B03B2FABFFA2}.Release|Any CPU.ActiveCfg = Release|Any CPU
		{9EFA8DCD-842A-461E-B8AC-B03B2FABFFA2}.Release|Any CPU.Build.0 = Release|Any CPU
		{EAA5C928-4E10-4045-8093-0A29C3FB601C}.Debug|Any CPU.ActiveCfg = Debug|Any CPU
		{EAA5C928-4E10-4045-8093-0A29C3FB601C}.Debug|Any CPU.Build.0 = Debug|Any CPU
		{EAA5C928-4E10-4045-8093-0A29C3FB601C}.Release|Any CPU.ActiveCfg = Release|Any CPU
		{EAA5C928-4E10-4045-8093-0A29C3FB601C}.Release|Any CPU.Build.0 = Release|Any CPU
		{C99626F0-2B46-463E-9E60-D3C8E041D3E2}.Debug|Any CPU.ActiveCfg = Debug|Any CPU
		{C99626F0-2B46-463E-9E60-D3C8E041D3E2}.Debug|Any CPU.Build.0 = Debug|Any CPU
		{C99626F0-2B46-463E-9E60-D3C8E041D3E2}.Release|Any CPU.ActiveCfg = Release|Any CPU
		{C99626F0-2B46-463E-9E60-D3C8E041D3E2}.Release|Any CPU.Build.0 = Release|Any CPU
		{A8695A80-BF0F-4E1E-B133-FFE3232706D3}.Debug|Any CPU.ActiveCfg = Debug|Any CPU
		{A8695A80-BF0F-4E1E-B133-FFE3232706D3}.Debug|Any CPU.Build.0 = Debug|Any CPU
		{A8695A80-BF0F-4E1E-B133-FFE3232706D3}.Release|Any CPU.ActiveCfg = Release|Any CPU
		{A8695A80-BF0F-4E1E-B133-FFE3232706D3}.Release|Any CPU.Build.0 = Release|Any CPU
		{54C75EA5-680D-4616-AAF5-FC356B3626D7}.Debug|Any CPU.ActiveCfg = Debug|Any CPU
		{54C75EA5-680D-4616-AAF5-FC356B3626D7}.Debug|Any CPU.Build.0 = Debug|Any CPU
		{54C75EA5-680D-4616-AAF5-FC356B3626D7}.Release|Any CPU.ActiveCfg = Release|Any CPU
		{54C75EA5-680D-4616-AAF5-FC356B3626D7}.Release|Any CPU.Build.0 = Release|Any CPU
		{2D98ACDB-913E-4595-9B06-B6061C332C2A}.Debug|Any CPU.ActiveCfg = Debug|Any CPU
		{2D98ACDB-913E-4595-9B06-B6061C332C2A}.Debug|Any CPU.Build.0 = Debug|Any CPU
		{2D98ACDB-913E-4595-9B06-B6061C332C2A}.Release|Any CPU.ActiveCfg = Release|Any CPU
		{2D98ACDB-913E-4595-9B06-B6061C332C2A}.Release|Any CPU.Build.0 = Release|Any CPU
		{D7DEE4A8-E8E4-4B78-9E93-9C7178C90619}.Debug|Any CPU.ActiveCfg = Debug|Any CPU
		{D7DEE4A8-E8E4-4B78-9E93-9C7178C90619}.Debug|Any CPU.Build.0 = Debug|Any CPU
		{D7DEE4A8-E8E4-4B78-9E93-9C7178C90619}.Release|Any CPU.ActiveCfg = Release|Any CPU
		{D7DEE4A8-E8E4-4B78-9E93-9C7178C90619}.Release|Any CPU.Build.0 = Release|Any CPU
	EndGlobalSection
	GlobalSection(SolutionProperties) = preSolution
		HideSolutionNode = FALSE
	EndGlobalSection
	GlobalSection(NestedProjects) = preSolution
		{C99025A8-EA94-47DE-92D6-365CE026421C} = {21981EA7-3832-4ED3-905D-3A6F07BEFF59}
		{50F3FC84-4018-48DC-AB09-4B70AAC2E72C} = {5E580E49-2B7C-4D9B-9A26-A97BACE28DD5}
		{9EFA8DCD-842A-461E-B8AC-B03B2FABFFA2} = {F54E7163-FD52-48A6-AE92-341394C408AF}
		{EAA5C928-4E10-4045-8093-0A29C3FB601C} = {F54E7163-FD52-48A6-AE92-341394C408AF}
		{C99626F0-2B46-463E-9E60-D3C8E041D3E2} = {AA105175-F9B6-40BA-8B99-376E8F2976F7}
		{A8695A80-BF0F-4E1E-B133-FFE3232706D3} = {AA105175-F9B6-40BA-8B99-376E8F2976F7}
		{54C75EA5-680D-4616-AAF5-FC356B3626D7} = {5E580E49-2B7C-4D9B-9A26-A97BACE28DD5}
		{2D98ACDB-913E-4595-9B06-B6061C332C2A} = {5E580E49-2B7C-4D9B-9A26-A97BACE28DD5}
		{D7DEE4A8-E8E4-4B78-9E93-9C7178C90619} = {21981EA7-3832-4ED3-905D-3A6F07BEFF59}
	EndGlobalSection
	GlobalSection(ExtensibilityGlobals) = postSolution
		SolutionGuid = {38FE1D82-ACCF-4F3A-942E-00EF4046A10E}
	EndGlobalSection
EndGlobal
